<Solution>
  <Project Path="Task01-ProjectSetupVariables/Task01-ProjectSetupVariables.csproj" />
  <Project Path="Task02-BooleanLogicArrays/Task02-BooleanLogicArrays.csproj" />
  <Project Path="Task03-ExpressionsTypeConversion/Task03-ExpressionsTypeConversion.csproj" Id="4a44878a-9d51-4633-a6f8-9c578708d93f" />
</Solution>
